
Microsoft Visual Studio Solution File, Format Version 12.00
# Visual Studio Version 16
VisualStudioVersion = 16.0.31624.102
MinimumVisualStudioVersion = 10.0.40219.1
Project("{6EC3EE1D-3C4E-46DD-8F32-0CC8E7565705}") = "WebApiTest.Domain", "WebApiTest.Domain\WebApiTest.Domain.fsproj", "{3E7E5EED-9A35-47DB-9B31-2BC33AAE88D6}"
EndProject
Project("{6EC3EE1D-3C4E-46DD-8F32-0CC8E7565705}") = "WebApiTest.Repositories.File", "WebApiTest.Repositories.File\WebApiTest.Repositories.File.fsproj", "{856798D3-9B30-4BA6-8DF5-326D0707BDCB}"
EndProject
Project("{6EC3EE1D-3C4E-46DD-8F32-0CC8E7565705}") = "WebApiTest.WebApi", "WebApiTest.WebApi\WebApiTest.WebApi.fsproj", "{7BDA043F-F027-4DC0-8A9A-8EEC1CC996AA}"
EndProject
Project("{6EC3EE1D-3C4E-46DD-8F32-0CC8E7565705}") = "WebApiTest.Repositories.SqlProvider", "WebApiTest.Repositories.SqlProvider\WebApiTest.Repositories.SqlProvider.fsproj", "{845143C9-D387-411C-9A12-E1A233AC8EB5}"
EndProject
Global
	GlobalSection(SolutionConfigurationPlatforms) = preSolution
		Debug|Any CPU = Debug|Any CPU
		Release|Any CPU = Release|Any CPU
	EndGlobalSection
	GlobalSection(ProjectConfigurationPlatforms) = postSolution
		{3E7E5EED-9A35-47DB-9B31-2BC33AAE88D6}.Debug|Any CPU.ActiveCfg = Debug|Any CPU
		{3E7E5EED-9A35-47DB-9B31-2BC33AAE88D6}.Debug|Any CPU.Build.0 = Debug|Any CPU
		{3E7E5EED-9A35-47DB-9B31-2BC33AAE88D6}.Release|Any CPU.ActiveCfg = Release|Any CPU
		{3E7E5EED-9A35-47DB-9B31-2BC33AAE88D6}.Release|Any CPU.Build.0 = Release|Any CPU
		{856798D3-9B30-4BA6-8DF5-326D0707BDCB}.Debug|Any CPU.ActiveCfg = Debug|Any CPU
		{856798D3-9B30-4BA6-8DF5-326D0707BDCB}.Debug|Any CPU.Build.0 = Debug|Any CPU
		{856798D3-9B30-4BA6-8DF5-326D0707BDCB}.Release|Any CPU.ActiveCfg = Release|Any CPU
		{856798D3-9B30-4BA6-8DF5-326D0707BDCB}.Release|Any CPU.Build.0 = Release|Any CPU
		{7BDA043F-F027-4DC0-8A9A-8EEC1CC996AA}.Debug|Any CPU.ActiveCfg = Debug|Any CPU
		{7BDA043F-F027-4DC0-8A9A-8EEC1CC996AA}.Debug|Any CPU.Build.0 = Debug|Any CPU
		{7BDA043F-F027-4DC0-8A9A-8EEC1CC996AA}.Release|Any CPU.ActiveCfg = Release|Any CPU
		{7BDA043F-F027-4DC0-8A9A-8EEC1CC996AA}.Release|Any CPU.Build.0 = Release|Any CPU
		{845143C9-D387-411C-9A12-E1A233AC8EB5}.Debug|Any CPU.ActiveCfg = Debug|Any CPU
		{845143C9-D387-411C-9A12-E1A233AC8EB5}.Debug|Any CPU.Build.0 = Debug|Any CPU
		{845143C9-D387-411C-9A12-E1A233AC8EB5}.Release|Any CPU.ActiveCfg = Release|Any CPU
		{845143C9-D387-411C-9A12-E1A233AC8EB5}.Release|Any CPU.Build.0 = Release|Any CPU
	EndGlobalSection
	GlobalSection(SolutionProperties) = preSolution
		HideSolutionNode = FALSE
	EndGlobalSection
	GlobalSection(ExtensibilityGlobals) = postSolution
		SolutionGuid = {DAF73AE6-4663-4D58-8C4D-C210156AC183}
	EndGlobalSection
EndGlobal
